
Microsoft Visual Studio Solution File, Format Version 12.00
# Visual Studio Version 16
VisualStudioVersion = 16.0.29911.84
MinimumVisualStudioVersion = 10.0.40219.1
Project("{2150E333-8FDC-42A3-9474-1A3956D46DE8}") = "ITMSG.LogActivities", "ITMSG.LogActivities", "{6C4808AC-52EE-457E-98D9-0B3FC9F7FBB6}"
EndProject
Project("{FAE04EC0-301F-11D3-BF4B-00C04F79EFBC}") = "ITMSG.LogActivities", "ITMSG.LogActivities\ITMSG.LogActivities\ITMSG.LogActivities.csproj", "{5D8D5F23-8262-4285-AB78-78957097393F}"
EndProject
Project("{FAE04EC0-301F-11D3-BF4B-00C04F79EFBC}") = "ITMSG.LogActivities.Activities", "ITMSG.LogActivities\ITMSG.LogActivities.Activities\ITMSG.LogActivities.Activities.csproj", "{CD05641D-A2C5-4A23-8487-3330D2EEA68D}"
EndProject
Project("{FAE04EC0-301F-11D3-BF4B-00C04F79EFBC}") = "ITMSG.LogActivities.Activities.Design", "ITMSG.LogActivities\ITMSG.LogActivities.Activities.Design\ITMSG.LogActivities.Activities.Design.csproj", "{4C1F47EA-6873-468E-929C-E23B802016A9}"
EndProject
Project("{2150E333-8FDC-42A3-9474-1A3956D46DE8}") = "Shared", "Shared", "{D42BFC0D-56E8-4EA1-889E-21F39BEE4435}"
EndProject
Project("{D954291E-2A0B-460D-934E-DC6B0785DB48}") = "UiPath.Shared.Activities", "Shared\UiPath.Shared.Activities\UiPath.Shared.Activities.shproj", "{4546856D-EA50-45C6-9419-EEEACB5A80AA}"
EndProject
Project("{D954291E-2A0B-460D-934E-DC6B0785DB48}") = "UiPath.Shared.Activities.Design", "Shared\UiPath.Shared.Activities.Design\UiPath.Shared.Activities.Design.shproj", "{DF9C43F0-ADD3-4FBF-995E-84B92F9CBF25}"
EndProject
Global
	GlobalSection(SharedMSBuildProjectFiles) = preSolution
		Shared\UiPath.Shared.Activities\UiPath.Shared.Activities.projitems*{4546856d-ea50-45c6-9419-eeeacb5a80aa}*SharedItemsImports = 13
		Shared\UiPath.Shared.Activities.Design\UiPath.Shared.Activities.Design.projitems*{4c1f47ea-6873-468e-929c-e23b802016a9}*SharedItemsImports = 5
		Shared\UiPath.Shared.Activities\UiPath.Shared.Activities.projitems*{cd05641d-a2c5-4a23-8487-3330d2eea68d}*SharedItemsImports = 5
		Shared\UiPath.Shared.Activities.Design\UiPath.Shared.Activities.Design.projitems*{df9c43f0-add3-4fbf-995e-84b92f9cbf25}*SharedItemsImports = 13
	EndGlobalSection
	GlobalSection(SolutionConfigurationPlatforms) = preSolution
		Debug|Any CPU = Debug|Any CPU
		Release|Any CPU = Release|Any CPU
	EndGlobalSection
	GlobalSection(ProjectConfigurationPlatforms) = postSolution
		{5D8D5F23-8262-4285-AB78-78957097393F}.Debug|Any CPU.ActiveCfg = Debug|Any CPU
		{5D8D5F23-8262-4285-AB78-78957097393F}.Debug|Any CPU.Build.0 = Debug|Any CPU
		{5D8D5F23-8262-4285-AB78-78957097393F}.Release|Any CPU.ActiveCfg = Release|Any CPU
		{5D8D5F23-8262-4285-AB78-78957097393F}.Release|Any CPU.Build.0 = Release|Any CPU
		{CD05641D-A2C5-4A23-8487-3330D2EEA68D}.Debug|Any CPU.ActiveCfg = Debug|Any CPU
		{CD05641D-A2C5-4A23-8487-3330D2EEA68D}.Debug|Any CPU.Build.0 = Debug|Any CPU
		{CD05641D-A2C5-4A23-8487-3330D2EEA68D}.Release|Any CPU.ActiveCfg = Release|Any CPU
		{CD05641D-A2C5-4A23-8487-3330D2EEA68D}.Release|Any CPU.Build.0 = Release|Any CPU
		{4C1F47EA-6873-468E-929C-E23B802016A9}.Debug|Any CPU.ActiveCfg = Debug|Any CPU
		{4C1F47EA-6873-468E-929C-E23B802016A9}.Debug|Any CPU.Build.0 = Debug|Any CPU
		{4C1F47EA-6873-468E-929C-E23B802016A9}.Release|Any CPU.ActiveCfg = Release|Any CPU
		{4C1F47EA-6873-468E-929C-E23B802016A9}.Release|Any CPU.Build.0 = Release|Any CPU
	EndGlobalSection
	GlobalSection(SolutionProperties) = preSolution
		HideSolutionNode = FALSE
	EndGlobalSection
	GlobalSection(NestedProjects) = preSolution
		{5D8D5F23-8262-4285-AB78-78957097393F} = {6C4808AC-52EE-457E-98D9-0B3FC9F7FBB6}
		{CD05641D-A2C5-4A23-8487-3330D2EEA68D} = {6C4808AC-52EE-457E-98D9-0B3FC9F7FBB6}
		{4C1F47EA-6873-468E-929C-E23B802016A9} = {6C4808AC-52EE-457E-98D9-0B3FC9F7FBB6}
		{4546856D-EA50-45C6-9419-EEEACB5A80AA} = {D42BFC0D-56E8-4EA1-889E-21F39BEE4435}
		{DF9C43F0-ADD3-4FBF-995E-84B92F9CBF25} = {D42BFC0D-56E8-4EA1-889E-21F39BEE4435}
	EndGlobalSection
	GlobalSection(ExtensibilityGlobals) = postSolution
		SolutionGuid = {DF1390E0-A07B-46D7-A84C-8CF7E03E8186}
	EndGlobalSection
EndGlobal
